
Microsoft Visual Studio Solution File, Format Version 12.00
# Visual Studio Version 16
VisualStudioVersion = 16.0.29215.179
MinimumVisualStudioVersion = 10.0.40219.1
Project("{9A19103F-16F7-4668-BE54-9A1E7A4F7556}") = "Day01", "src\2019\Day01\Day01.csproj", "{4415328C-6384-435C-88CC-751425EA1C03}"
EndProject
Project("{9A19103F-16F7-4668-BE54-9A1E7A4F7556}") = "Utilities", "src\Utilities\Utilities.csproj", "{D5468FEC-863C-4ECF-BEDA-6F2694C24A13}"
EndProject
Project("{9A19103F-16F7-4668-BE54-9A1E7A4F7556}") = "Day02", "src\2019\Day02\Day02.csproj", "{F7FDE515-5AAB-4705-A0A3-22DF40297C98}"
EndProject
Project("{9A19103F-16F7-4668-BE54-9A1E7A4F7556}") = "Day03", "src\2019\Day03\Day03.csproj", "{9C176E66-31AA-42BD-91CA-37682C4568F2}"
EndProject
Project("{9A19103F-16F7-4668-BE54-9A1E7A4F7556}") = "Day04", "src\2019\Day04\Day04.csproj", "{BC0711F4-EB71-4CC8-8306-9A0CB3F49DA5}"
EndProject
Project("{9A19103F-16F7-4668-BE54-9A1E7A4F7556}") = "Day05", "src\2019\Day05\Day05.csproj", "{A29C3865-514A-4B44-A60A-D64FF28F769E}"
EndProject
Project("{2150E333-8FDC-42A3-9474-1A3956D46DE8}") = "2019", "2019", "{E89092F4-6129-4F15-80CE-550F4DA81F05}"
EndProject
Project("{9A19103F-16F7-4668-BE54-9A1E7A4F7556}") = "Day06", "src\2019\Day06\Day06.csproj", "{61B2623C-E3C5-45AE-980F-52B7F80D2195}"
EndProject
Project("{FAE04EC0-301F-11D3-BF4B-00C04F79EFBC}") = "Day07", "src\2019\Day07\Day07.csproj", "{2BC1DE10-12D4-4685-8A2F-DD3BFDC91CE5}"
EndProject
Global
	GlobalSection(SolutionConfigurationPlatforms) = preSolution
		Debug|Any CPU = Debug|Any CPU
		Release|Any CPU = Release|Any CPU
	EndGlobalSection
	GlobalSection(ProjectConfigurationPlatforms) = postSolution
		{4415328C-6384-435C-88CC-751425EA1C03}.Debug|Any CPU.ActiveCfg = Debug|Any CPU
		{4415328C-6384-435C-88CC-751425EA1C03}.Debug|Any CPU.Build.0 = Debug|Any CPU
		{4415328C-6384-435C-88CC-751425EA1C03}.Release|Any CPU.ActiveCfg = Release|Any CPU
		{4415328C-6384-435C-88CC-751425EA1C03}.Release|Any CPU.Build.0 = Release|Any CPU
		{D5468FEC-863C-4ECF-BEDA-6F2694C24A13}.Debug|Any CPU.ActiveCfg = Debug|Any CPU
		{D5468FEC-863C-4ECF-BEDA-6F2694C24A13}.Debug|Any CPU.Build.0 = Debug|Any CPU
		{D5468FEC-863C-4ECF-BEDA-6F2694C24A13}.Release|Any CPU.ActiveCfg = Release|Any CPU
		{D5468FEC-863C-4ECF-BEDA-6F2694C24A13}.Release|Any CPU.Build.0 = Release|Any CPU
		{F7FDE515-5AAB-4705-A0A3-22DF40297C98}.Debug|Any CPU.ActiveCfg = Debug|Any CPU
		{F7FDE515-5AAB-4705-A0A3-22DF40297C98}.Debug|Any CPU.Build.0 = Debug|Any CPU
		{F7FDE515-5AAB-4705-A0A3-22DF40297C98}.Release|Any CPU.ActiveCfg = Release|Any CPU
		{F7FDE515-5AAB-4705-A0A3-22DF40297C98}.Release|Any CPU.Build.0 = Release|Any CPU
		{9C176E66-31AA-42BD-91CA-37682C4568F2}.Debug|Any CPU.ActiveCfg = Debug|Any CPU
		{9C176E66-31AA-42BD-91CA-37682C4568F2}.Debug|Any CPU.Build.0 = Debug|Any CPU
		{9C176E66-31AA-42BD-91CA-37682C4568F2}.Release|Any CPU.ActiveCfg = Release|Any CPU
		{9C176E66-31AA-42BD-91CA-37682C4568F2}.Release|Any CPU.Build.0 = Release|Any CPU
		{BC0711F4-EB71-4CC8-8306-9A0CB3F49DA5}.Debug|Any CPU.ActiveCfg = Debug|Any CPU
		{BC0711F4-EB71-4CC8-8306-9A0CB3F49DA5}.Debug|Any CPU.Build.0 = Debug|Any CPU
		{BC0711F4-EB71-4CC8-8306-9A0CB3F49DA5}.Release|Any CPU.ActiveCfg = Release|Any CPU
		{BC0711F4-EB71-4CC8-8306-9A0CB3F49DA5}.Release|Any CPU.Build.0 = Release|Any CPU
		{A29C3865-514A-4B44-A60A-D64FF28F769E}.Debug|Any CPU.ActiveCfg = Debug|Any CPU
		{A29C3865-514A-4B44-A60A-D64FF28F769E}.Debug|Any CPU.Build.0 = Debug|Any CPU
		{A29C3865-514A-4B44-A60A-D64FF28F769E}.Release|Any CPU.ActiveCfg = Release|Any CPU
		{A29C3865-514A-4B44-A60A-D64FF28F769E}.Release|Any CPU.Build.0 = Release|Any CPU
		{61B2623C-E3C5-45AE-980F-52B7F80D2195}.Debug|Any CPU.ActiveCfg = Debug|Any CPU
		{61B2623C-E3C5-45AE-980F-52B7F80D2195}.Debug|Any CPU.Build.0 = Debug|Any CPU
		{61B2623C-E3C5-45AE-980F-52B7F80D2195}.Release|Any CPU.ActiveCfg = Release|Any CPU
		{61B2623C-E3C5-45AE-980F-52B7F80D2195}.Release|Any CPU.Build.0 = Release|Any CPU
		{2BC1DE10-12D4-4685-8A2F-DD3BFDC91CE5}.Debug|Any CPU.ActiveCfg = Debug|Any CPU
		{2BC1DE10-12D4-4685-8A2F-DD3BFDC91CE5}.Debug|Any CPU.Build.0 = Debug|Any CPU
		{2BC1DE10-12D4-4685-8A2F-DD3BFDC91CE5}.Release|Any CPU.ActiveCfg = Release|Any CPU
		{2BC1DE10-12D4-4685-8A2F-DD3BFDC91CE5}.Release|Any CPU.Build.0 = Release|Any CPU
	EndGlobalSection
	GlobalSection(SolutionProperties) = preSolution
		HideSolutionNode = FALSE
	EndGlobalSection
	GlobalSection(NestedProjects) = preSolution
		{4415328C-6384-435C-88CC-751425EA1C03} = {E89092F4-6129-4F15-80CE-550F4DA81F05}
		{F7FDE515-5AAB-4705-A0A3-22DF40297C98} = {E89092F4-6129-4F15-80CE-550F4DA81F05}
		{9C176E66-31AA-42BD-91CA-37682C4568F2} = {E89092F4-6129-4F15-80CE-550F4DA81F05}
		{BC0711F4-EB71-4CC8-8306-9A0CB3F49DA5} = {E89092F4-6129-4F15-80CE-550F4DA81F05}
		{A29C3865-514A-4B44-A60A-D64FF28F769E} = {E89092F4-6129-4F15-80CE-550F4DA81F05}
		{61B2623C-E3C5-45AE-980F-52B7F80D2195} = {E89092F4-6129-4F15-80CE-550F4DA81F05}
		{2BC1DE10-12D4-4685-8A2F-DD3BFDC91CE5} = {E89092F4-6129-4F15-80CE-550F4DA81F05}
	EndGlobalSection
	GlobalSection(ExtensibilityGlobals) = postSolution
		SolutionGuid = {DC909C22-8624-4FBD-B6D6-DB94CD91121F}
	EndGlobalSection
EndGlobal
